// !$*UTF8*$!
{
	archiveVersion = 1;
	classes = {
	};
	objectVersion = 52;
	objects = {

/* Begin PBXBuildFile section */
		8F4D0EE1267C8FC400A196D2 /* AppDelegate.swift in Sources */ = {isa = PBXBuildFile; fileRef = 8F4D0EE0267C8FC400A196D2 /* AppDelegate.swift */; };
		8F4D0EE3267C8FC400A196D2 /* SceneDelegate.swift in Sources */ = {isa = PBXBuildFile; fileRef = 8F4D0EE2267C8FC400A196D2 /* SceneDelegate.swift */; };
		8F4D0EE5267C8FC400A196D2 /* ViewController.swift in Sources */ = {isa = PBXBuildFile; fileRef = 8F4D0EE4267C8FC400A196D2 /* ViewController.swift */; };
		8F4D0EE8267C8FC400A196D2 /* Main.storyboard in Resources */ = {isa = PBXBuildFile; fileRef = 8F4D0EE6267C8FC400A196D2 /* Main.storyboard */; };
		8F4D0EEA267C8FC500A196D2 /* Assets.xcassets in Resources */ = {isa = PBXBuildFile; fileRef = 8F4D0EE9267C8FC500A196D2 /* Assets.xcassets */; };
		8F4D0EED267C8FC500A196D2 /* LaunchScreen.storyboard in Resources */ = {isa = PBXBuildFile; fileRef = 8F4D0EEB267C8FC500A196D2 /* LaunchScreen.storyboard */; };
		8F4D0EF8267C8FC500A196D2 /* MainAppTests.swift in Sources */ = {isa = PBXBuildFile; fileRef = 8F4D0EF7267C8FC500A196D2 /* MainAppTests.swift */; };
		8F4D0F03267C8FC500A196D2 /* MainAppUITests.swift in Sources */ = {isa = PBXBuildFile; fileRef = 8F4D0F02267C8FC500A196D2 /* MainAppUITests.swift */; };
		8F6F2ADA26B2962600C89657 /* FirstModule.xcframework in Frameworks */ = {isa = PBXBuildFile; fileRef = 8F6F2AD926B2962600C89657 /* FirstModule.xcframework */; };
		8F6F2ADB26B2962600C89657 /* FirstModule.xcframework in Embed Frameworks */ = {isa = PBXBuildFile; fileRef = 8F6F2AD926B2962600C89657 /* FirstModule.xcframework */; settings = {ATTRIBUTES = (CodeSignOnCopy, RemoveHeadersOnCopy, ); }; };
/* End PBXBuildFile section */

/* Begin PBXContainerItemProxy section */
		8F4D0EF4267C8FC500A196D2 /* PBXContainerItemProxy */ = {
			isa = PBXContainerItemProxy;
			containerPortal = 8F4D0ED5267C8FC400A196D2 /* Project object */;
			proxyType = 1;
			remoteGlobalIDString = 8F4D0EDC267C8FC400A196D2;
			remoteInfo = MainApp;
		};
		8F4D0EFF267C8FC500A196D2 /* PBXContainerItemProxy */ = {
			isa = PBXContainerItemProxy;
			containerPortal = 8F4D0ED5267C8FC400A196D2 /* Project object */;
			proxyType = 1;
			remoteGlobalIDString = 8F4D0EDC267C8FC400A196D2;
			remoteInfo = MainApp;
		};
/* End PBXContainerItemProxy section */

/* Begin PBXCopyFilesBuildPhase section */
		8F6F2ADC26B2962600C89657 /* Embed Frameworks */ = {
			isa = PBXCopyFilesBuildPhase;
			buildActionMask = 2147483647;
			dstPath = "";
			dstSubfolderSpec = 10;
			files = (
				8F6F2ADB26B2962600C89657 /* FirstModule.xcframework in Embed Frameworks */,
			);
			name = "Embed Frameworks";
			runOnlyForDeploymentPostprocessing = 0;
		};
/* End PBXCopyFilesBuildPhase section */

/* Begin PBXFileReference section */
		8F4D0EDD267C8FC400A196D2 /* MainApp.app */ = {isa = PBXFileReference; explicitFileType = wrapper.application; includeInIndex = 0; path = MainApp.app; sourceTree = BUILT_PRODUCTS_DIR; };
		8F4D0EE0267C8FC400A196D2 /* AppDelegate.swift */ = {isa = PBXFileReference; lastKnownFileType = sourcecode.swift; path = AppDelegate.swift; sourceTree = "<group>"; };
		8F4D0EE2267C8FC400A196D2 /* SceneDelegate.swift */ = {isa = PBXFileReference; lastKnownFileType = sourcecode.swift; path = SceneDelegate.swift; sourceTree = "<group>"; };
		8F4D0EE4267C8FC400A196D2 /* ViewController.swift */ = {isa = PBXFileReference; lastKnownFileType = sourcecode.swift; path = ViewController.swift; sourceTree = "<group>"; };
		8F4D0EE7267C8FC400A196D2 /* Base */ = {isa = PBXFileReference; lastKnownFileType = file.storyboard; name = Base; path = Base.lproj/Main.storyboard; sourceTree = "<group>"; };
		8F4D0EE9267C8FC500A196D2 /* Assets.xcassets */ = {isa = PBXFileReference; lastKnownFileType = folder.assetcatalog; path = Assets.xcassets; sourceTree = "<group>"; };
		8F4D0EEC267C8FC500A196D2 /* Base */ = {isa = PBXFileReference; lastKnownFileType = file.storyboard; name = Base; path = Base.lproj/LaunchScreen.storyboard; sourceTree = "<group>"; };
		8F4D0EEE267C8FC500A196D2 /* Info.plist */ = {isa = PBXFileReference; lastKnownFileType = text.plist.xml; path = Info.plist; sourceTree = "<group>"; };
		8F4D0EF3267C8FC500A196D2 /* MainAppTests.xctest */ = {isa = PBXFileReference; explicitFileType = wrapper.cfbundle; includeInIndex = 0; path = MainAppTests.xctest; sourceTree = BUILT_PRODUCTS_DIR; };
		8F4D0EF7267C8FC500A196D2 /* MainAppTests.swift */ = {isa = PBXFileReference; lastKnownFileType = sourcecode.swift; path = MainAppTests.swift; sourceTree = "<group>"; };
		8F4D0EF9267C8FC500A196D2 /* Info.plist */ = {isa = PBXFileReference; lastKnownFileType = text.plist.xml; path = Info.plist; sourceTree = "<group>"; };
		8F4D0EFE267C8FC500A196D2 /* MainAppUITests.xctest */ = {isa = PBXFileReference; explicitFileType = wrapper.cfbundle; includeInIndex = 0; path = MainAppUITests.xctest; sourceTree = BUILT_PRODUCTS_DIR; };
		8F4D0F02267C8FC500A196D2 /* MainAppUITests.swift */ = {isa = PBXFileReference; lastKnownFileType = sourcecode.swift; path = MainAppUITests.swift; sourceTree = "<group>"; };
		8F4D0F04267C8FC500A196D2 /* Info.plist */ = {isa = PBXFileReference; lastKnownFileType = text.plist.xml; path = Info.plist; sourceTree = "<group>"; };
		8F6F2AD926B2962600C89657 /* FirstModule.xcframework */ = {isa = PBXFileReference; lastKnownFileType = wrapper.xcframework; path = FirstModule.xcframework; sourceTree = "<group>"; };
/* End PBXFileReference section */

/* Begin PBXFrameworksBuildPhase section */
		8F4D0EDA267C8FC400A196D2 /* Frameworks */ = {
			isa = PBXFrameworksBuildPhase;
			buildActionMask = 2147483647;
			files = (
				8F6F2ADA26B2962600C89657 /* FirstModule.xcframework in Frameworks */,
			);
			runOnlyForDeploymentPostprocessing = 0;
		};
		8F4D0EF0267C8FC500A196D2 /* Frameworks */ = {
			isa = PBXFrameworksBuildPhase;
			buildActionMask = 2147483647;
			files = (
			);
			runOnlyForDeploymentPostprocessing = 0;
		};
		8F4D0EFB267C8FC500A196D2 /* Frameworks */ = {
			isa = PBXFrameworksBuildPhase;
			buildActionMask = 2147483647;
			files = (
			);
			runOnlyForDeploymentPostprocessing = 0;
		};
/* End PBXFrameworksBuildPhase section */

/* Begin PBXGroup section */
		8F4D0ED4267C8FC400A196D2 = {
			isa = PBXGroup;
			children = (
				8F4D0EDF267C8FC400A196D2 /* MainApp */,
				8F4D0EF6267C8FC500A196D2 /* MainAppTests */,
				8F4D0F01267C8FC500A196D2 /* MainAppUITests */,
				8F4D0EDE267C8FC400A196D2 /* Products */,
				8F4D0F13267C8FE400A196D2 /* Frameworks */,
			);
			sourceTree = "<group>";
		};
		8F4D0EDE267C8FC400A196D2 /* Products */ = {
			isa = PBXGroup;
			children = (
				8F4D0EDD267C8FC400A196D2 /* MainApp.app */,
				8F4D0EF3267C8FC500A196D2 /* MainAppTests.xctest */,
				8F4D0EFE267C8FC500A196D2 /* MainAppUITests.xctest */,
			);
			name = Products;
			sourceTree = "<group>";
		};
		8F4D0EDF267C8FC400A196D2 /* MainApp */ = {
			isa = PBXGroup;
			children = (
				8F4D0EE0267C8FC400A196D2 /* AppDelegate.swift */,
				8F4D0EE2267C8FC400A196D2 /* SceneDelegate.swift */,
				8F4D0EE4267C8FC400A196D2 /* ViewController.swift */,
				8F4D0EE6267C8FC400A196D2 /* Main.storyboard */,
				8F4D0EE9267C8FC500A196D2 /* Assets.xcassets */,
				8F4D0EEB267C8FC500A196D2 /* LaunchScreen.storyboard */,
				8F4D0EEE267C8FC500A196D2 /* Info.plist */,
			);
			path = MainApp;
			sourceTree = "<group>";
		};
		8F4D0EF6267C8FC500A196D2 /* MainAppTests */ = {
			isa = PBXGroup;
			children = (
				8F4D0EF7267C8FC500A196D2 /* MainAppTests.swift */,
				8F4D0EF9267C8FC500A196D2 /* Info.plist */,
			);
			path = MainAppTests;
			sourceTree = "<group>";
		};
		8F4D0F01267C8FC500A196D2 /* MainAppUITests */ = {
			isa = PBXGroup;
			children = (
				8F4D0F02267C8FC500A196D2 /* MainAppUITests.swift */,
				8F4D0F04267C8FC500A196D2 /* Info.plist */,
			);
			path = MainAppUITests;
			sourceTree = "<group>";
		};
		8F4D0F13267C8FE400A196D2 /* Frameworks */ = {
			isa = PBXGroup;
			children = (
				8F6F2AD926B2962600C89657 /* FirstModule.xcframework */,
			);
			name = Frameworks;
			sourceTree = "<group>";
		};
/* End PBXGroup section */

/* Begin PBXNativeTarget section */
		8F4D0EDC267C8FC400A196D2 /* MainApp */ = {
			isa = PBXNativeTarget;
			buildConfigurationList = 8F4D0F07267C8FC500A196D2 /* Build configuration list for PBXNativeTarget "MainApp" */;
			buildPhases = (
				8F4D0ED9267C8FC400A196D2 /* Sources */,
				8F4D0EDA267C8FC400A196D2 /* Frameworks */,
				8F4D0EDB267C8FC400A196D2 /* Resources */,
				8F6F2ADC26B2962600C89657 /* Embed Frameworks */,
			);
			buildRules = (
			);
			dependencies = (
			);
			name = MainApp;
			productName = MainApp;
			productReference = 8F4D0EDD267C8FC400A196D2 /* MainApp.app */;
			productType = "com.apple.product-type.application";
		};
		8F4D0EF2267C8FC500A196D2 /* MainAppTests */ = {
			isa = PBXNativeTarget;
			buildConfigurationList = 8F4D0F0A267C8FC500A196D2 /* Build configuration list for PBXNativeTarget "MainAppTests" */;
			buildPhases = (
				8F4D0EEF267C8FC500A196D2 /* Sources */,
				8F4D0EF0267C8FC500A196D2 /* Frameworks */,
				8F4D0EF1267C8FC500A196D2 /* Resources */,
			);
			buildRules = (
			);
			dependencies = (
				8F4D0EF5267C8FC500A196D2 /* PBXTargetDependency */,
			);
			name = MainAppTests;
			productName = MainAppTests;
			productReference = 8F4D0EF3267C8FC500A196D2 /* MainAppTests.xctest */;
			productType = "com.apple.product-type.bundle.unit-test";
		};
		8F4D0EFD267C8FC500A196D2 /* MainAppUITests */ = {
			isa = PBXNativeTarget;
			buildConfigurationList = 8F4D0F0D267C8FC500A196D2 /* Build configuration list for PBXNativeTarget "MainAppUITests" */;
			buildPhases = (
				8F4D0EFA267C8FC500A196D2 /* Sources */,
				8F4D0EFB267C8FC500A196D2 /* Frameworks */,
				8F4D0EFC267C8FC500A196D2 /* Resources */,
			);
			buildRules = (
			);
			dependencies = (
				8F4D0F00267C8FC500A196D2 /* PBXTargetDependency */,
			);
			name = MainAppUITests;
			productName = MainAppUITests;
			productReference = 8F4D0EFE267C8FC500A196D2 /* MainAppUITests.xctest */;
			productType = "com.apple.product-type.bundle.ui-testing";
		};
/* End PBXNativeTarget section */

/* Begin PBXProject section */
		8F4D0ED5267C8FC400A196D2 /* Project object */ = {
			isa = PBXProject;
			attributes = {
				LastSwiftUpdateCheck = 1220;
				LastUpgradeCheck = 1220;
				TargetAttributes = {
					8F4D0EDC267C8FC400A196D2 = {
						CreatedOnToolsVersion = 12.2;
					};
					8F4D0EF2267C8FC500A196D2 = {
						CreatedOnToolsVersion = 12.2;
						TestTargetID = 8F4D0EDC267C8FC400A196D2;
					};
					8F4D0EFD267C8FC500A196D2 = {
						CreatedOnToolsVersion = 12.2;
						TestTargetID = 8F4D0EDC267C8FC400A196D2;
					};
				};
			};
			buildConfigurationList = 8F4D0ED8267C8FC400A196D2 /* Build configuration list for PBXProject "MainApp" */;
			compatibilityVersion = "Xcode 9.3";
			developmentRegion = en;
			hasScannedForEncodings = 0;
			knownRegions = (
				en,
				Base,
			);
			mainGroup = 8F4D0ED4267C8FC400A196D2;
			productRefGroup = 8F4D0EDE267C8FC400A196D2 /* Products */;
			projectDirPath = "";
			projectRoot = "";
			targets = (
				8F4D0EDC267C8FC400A196D2 /* MainApp */,
				8F4D0EF2267C8FC500A196D2 /* MainAppTests */,
				8F4D0EFD267C8FC500A196D2 /* MainAppUITests */,
			);
		};
/* End PBXProject section */

/* Begin PBXResourcesBuildPhase section */
		8F4D0EDB267C8FC400A196D2 /* Resources */ = {
			isa = PBXResourcesBuildPhase;
			buildActionMask = 2147483647;
			files = (
				8F4D0EED267C8FC500A196D2 /* LaunchScreen.storyboard in Resources */,
				8F4D0EEA267C8FC500A196D2 /* Assets.xcassets in Resources */,
				8F4D0EE8267C8FC400A196D2 /* Main.storyboard in Resources */,
			);
			runOnlyForDeploymentPostprocessing = 0;
		};
		8F4D0EF1267C8FC500A196D2 /* Resources */ = {
			isa = PBXResourcesBuildPhase;
			buildActionMask = 2147483647;
			files = (
			);
			runOnlyForDeploymentPostprocessing = 0;
		};
		8F4D0EFC267C8FC500A196D2 /* Resources */ = {
			isa = PBXResourcesBuildPhase;
			buildActionMask = 2147483647;
			files = (
			);
			runOnlyForDeploymentPostprocessing = 0;
		};
/* End PBXResourcesBuildPhase section */

/* Begin PBXSourcesBuildPhase section */
		8F4D0ED9267C8FC400A196D2 /* Sources */ = {
			isa = PBXSourcesBuildPhase;
			buildActionMask = 2147483647;
			files = (
				8F4D0EE5267C8FC400A196D2 /* ViewController.swift in Sources */,
				8F4D0EE1267C8FC400A196D2 /* AppDelegate.swift in Sources */,
				8F4D0EE3267C8FC400A196D2 /* SceneDelegate.swift in Sources */,
			);
			runOnlyForDeploymentPostprocessing = 0;
		};
		8F4D0EEF267C8FC500A196D2 /* Sources */ = {
			isa = PBXSourcesBuildPhase;
			buildActionMask = 2147483647;
			files = (
				8F4D0EF8267C8FC500A196D2 /* MainAppTests.swift in Sources */,
			);
			runOnlyForDeploymentPostprocessing = 0;
		};
		8F4D0EFA267C8FC500A196D2 /* Sources */ = {
			isa = PBXSourcesBuildPhase;
			buildActionMask = 2147483647;
			files = (
				8F4D0F03267C8FC500A196D2 /* MainAppUITests.swift in Sources */,
			);
			runOnlyForDeploymentPostprocessing = 0;
		};
/* End PBXSourcesBuildPhase section */

/* Begin PBXTargetDependency section */
		8F4D0EF5267C8FC500A196D2 /* PBXTargetDependency */ = {
			isa = PBXTargetDependency;
			target = 8F4D0EDC267C8FC400A196D2 /* MainApp */;
			targetProxy = 8F4D0EF4267C8FC500A196D2 /* PBXContainerItemProxy */;
		};
		8F4D0F00267C8FC500A196D2 /* PBXTargetDependency */ = {
			isa = PBXTargetDependency;
			target = 8F4D0EDC267C8FC400A196D2 /* MainApp */;
			targetProxy = 8F4D0EFF267C8FC500A196D2 /* PBXContainerItemProxy */;
		};
/* End PBXTargetDependency section */

/* Begin PBXVariantGroup section */
		8F4D0EE6267C8FC400A196D2 /* Main.storyboard */ = {
			isa = PBXVariantGroup;
			children = (
				8F4D0EE7267C8FC400A196D2 /* Base */,
			);
			name = Main.storyboard;
			sourceTree = "<group>";
		};
		8F4D0EEB267C8FC500A196D2 /* LaunchScreen.storyboard */ = {
			isa = PBXVariantGroup;
			children = (
				8F4D0EEC267C8FC500A196D2 /* Base */,
			);
			name = LaunchScreen.storyboard;
			sourceTree = "<group>";
		};
/* End PBXVariantGroup section */

/* Begin XCBuildConfiguration section */
		8F4D0F05267C8FC500A196D2 /* Debug */ = {
			isa = XCBuildConfiguration;
			buildSettings = {
				ALWAYS_SEARCH_USER_PATHS = NO;
				CLANG_ANALYZER_NONNULL = YES;
				CLANG_ANALYZER_NUMBER_OBJECT_CONVERSION = YES_AGGRESSIVE;
				CLANG_CXX_LANGUAGE_STANDARD = "gnu++14";
				CLANG_CXX_LIBRARY = "libc++";
				CLANG_ENABLE_MODULES = YES;
				CLANG_ENABLE_OBJC_ARC = YES;
				CLANG_ENABLE_OBJC_WEAK = YES;
				CLANG_WARN_BLOCK_CAPTURE_AUTORELEASING = YES;
				CLANG_WARN_BOOL_CONVERSION = YES;
				CLANG_WARN_COMMA = YES;
				CLANG_WARN_CONSTANT_CONVERSION = YES;
				CLANG_WARN_DEPRECATED_OBJC_IMPLEMENTATIONS = YES;
				CLANG_WARN_DIRECT_OBJC_ISA_USAGE = YES_ERROR;
				CLANG_WARN_DOCUMENTATION_COMMENTS = YES;
				CLANG_WARN_EMPTY_BODY = YES;
				CLANG_WARN_ENUM_CONVERSION = YES;
				CLANG_WARN_INFINITE_RECURSION = YES;
				CLANG_WARN_INT_CONVERSION = YES;
				CLANG_WARN_NON_LITERAL_NULL_CONVERSION = YES;
				CLANG_WARN_OBJC_IMPLICIT_RETAIN_SELF = YES;
				CLANG_WARN_OBJC_LITERAL_CONVERSION = YES;
				CLANG_WARN_OBJC_ROOT_CLASS = YES_ERROR;
				CLANG_WARN_QUOTED_INCLUDE_IN_FRAMEWORK_HEADER = YES;
				CLANG_WARN_RANGE_LOOP_ANALYSIS = YES;
				CLANG_WARN_STRICT_PROTOTYPES = YES;
				CLANG_WARN_SUSPICIOUS_MOVE = YES;
				CLANG_WARN_UNGUARDED_AVAILABILITY = YES_AGGRESSIVE;
				CLANG_WARN_UNREACHABLE_CODE = YES;
				CLANG_WARN__DUPLICATE_METHOD_MATCH = YES;
				COPY_PHASE_STRIP = NO;
				DEBUG_INFORMATION_FORMAT = dwarf;
				ENABLE_STRICT_OBJC_MSGSEND = YES;
				ENABLE_TESTABILITY = YES;
				GCC_C_LANGUAGE_STANDARD = gnu11;
				GCC_DYNAMIC_NO_PIC = NO;
				GCC_NO_COMMON_BLOCKS = YES;
				GCC_OPTIMIZATION_LEVEL = 0;
				GCC_PREPROCESSOR_DEFINITIONS = (
					"DEBUG=1",
					"$(inherited)",
				);
				GCC_WARN_64_TO_32_BIT_CONVERSION = YES;
				GCC_WARN_ABOUT_RETURN_TYPE = YES_ERROR;
				GCC_WARN_UNDECLARED_SELECTOR = YES;
				GCC_WARN_UNINITIALIZED_AUTOS = YES_AGGRESSIVE;
				GCC_WARN_UNUSED_FUNCTION = YES;
				GCC_WARN_UNUSED_VARIABLE = YES;
				IPHONEOS_DEPLOYMENT_TARGET = 14.2;
				MTL_ENABLE_DEBUG_INFO = INCLUDE_SOURCE;
				MTL_FAST_MATH = YES;
				ONLY_ACTIVE_ARCH = YES;
				SDKROOT = iphoneos;
				SWIFT_ACTIVE_COMPILATION_CONDITIONS = DEBUG;
				SWIFT_OPTIMIZATION_LEVEL = "-Onone";
			};
			name = Debug;
		};
		8F4D0F06267C8FC500A196D2 /* Release */ = {
			isa = XCBuildConfiguration;
			buildSettings = {
				ALWAYS_SEARCH_USER_PATHS = NO;
				CLANG_ANALYZER_NONNULL = YES;
				CLANG_ANALYZER_NUMBER_OBJECT_CONVERSION = YES_AGGRESSIVE;
				CLANG_CXX_LANGUAGE_STANDARD = "gnu++14";
				CLANG_CXX_LIBRARY = "libc++";
				CLANG_ENABLE_MODULES = YES;
				CLANG_ENABLE_OBJC_ARC = YES;
				CLANG_ENABLE_OBJC_WEAK = YES;
				CLANG_WARN_BLOCK_CAPTURE_AUTORELEASING = YES;
				CLANG_WARN_BOOL_CONVERSION = YES;
				CLANG_WARN_COMMA = YES;
				CLANG_WARN_CONSTANT_CONVERSION = YES;
				CLANG_WARN_DEPRECATED_OBJC_IMPLEMENTATIONS = YES;
				CLANG_WARN_DIRECT_OBJC_ISA_USAGE = YES_ERROR;
				CLANG_WARN_DOCUMENTATION_COMMENTS = YES;
				CLANG_WARN_EMPTY_BODY = YES;
				CLANG_WARN_ENUM_CONVERSION = YES;
				CLANG_WARN_INFINITE_RECURSION = YES;
				CLANG_WARN_INT_CONVERSION = YES;
				CLANG_WARN_NON_LITERAL_NULL_CONVERSION = YES;
				CLANG_WARN_OBJC_IMPLICIT_RETAIN_SELF = YES;
				CLANG_WARN_OBJC_LITERAL_CONVERSION = YES;
				CLANG_WARN_OBJC_ROOT_CLASS = YES_ERROR;
				CLANG_WARN_QUOTED_INCLUDE_IN_FRAMEWORK_HEADER = YES;
				CLANG_WARN_RANGE_LOOP_ANALYSIS = YES;
				CLANG_WARN_STRICT_PROTOTYPES = YES;
				CLANG_WARN_SUSPICIOUS_MOVE = YES;
				CLANG_WARN_UNGUARDED_AVAILABILITY = YES_AGGRESSIVE;
				CLANG_WARN_UNREACHABLE_CODE = YES;
				CLANG_WARN__DUPLICATE_METHOD_MATCH = YES;
				COPY_PHASE_STRIP = NO;
				DEBUG_INFORMATION_FORMAT = "dwarf-with-dsym";
				ENABLE_NS_ASSERTIONS = NO;
				ENABLE_STRICT_OBJC_MSGSEND = YES;
				GCC_C_LANGUAGE_STANDARD = gnu11;
				GCC_NO_COMMON_BLOCKS = YES;
				GCC_WARN_64_TO_32_BIT_CONVERSION = YES;
				GCC_WARN_ABOUT_RETURN_TYPE = YES_ERROR;
				GCC_WARN_UNDECLARED_SELECTOR = YES;
				GCC_WARN_UNINITIALIZED_AUTOS = YES_AGGRESSIVE;
				GCC_WARN_UNUSED_FUNCTION = YES;
				GCC_WARN_UNUSED_VARIABLE = YES;
				IPHONEOS_DEPLOYMENT_TARGET = 14.2;
				MTL_ENABLE_DEBUG_INFO = NO;
				MTL_FAST_MATH = YES;
				SDKROOT = iphoneos;
				SWIFT_COMPILATION_MODE = wholemodule;
				SWIFT_OPTIMIZATION_LEVEL = "-O";
				VALIDATE_PRODUCT = YES;
			};
			name = Release;
		};
		8F4D0F08267C8FC500A196D2 /* Debug */ = {
			isa = XCBuildConfiguration;
			buildSettings = {
				ASSETCATALOG_COMPILER_APPICON_NAME = AppIcon;
				ASSETCATALOG_COMPILER_GLOBAL_ACCENT_COLOR_NAME = AccentColor;
				CODE_SIGN_IDENTITY = "Apple Development";
				CODE_SIGN_STYLE = Automatic;
				DEVELOPMENT_TEAM = A43S2QQT2B;
				INFOPLIST_FILE = MainApp/Info.plist;
				LD_RUNPATH_SEARCH_PATHS = (
					"$(inherited)",
					"@executable_path/Frameworks",
				);
				PRODUCT_BUNDLE_IDENTIFIER = jp.co.rakuten.RakutenRewardTestBitrise;
				PRODUCT_NAME = "$(TARGET_NAME)";
				PROVISIONING_PROFILE_SPECIFIER = "";
				SKIP_INSTALL = NO;
				SWIFT_VERSION = 5.0;
				TARGETED_DEVICE_FAMILY = "1,2";
			};
			name = Debug;
		};
		8F4D0F09267C8FC500A196D2 /* Release */ = {
			isa = XCBuildConfiguration;
			buildSettings = {
				ASSETCATALOG_COMPILER_APPICON_NAME = AppIcon;
				ASSETCATALOG_COMPILER_GLOBAL_ACCENT_COLOR_NAME = AccentColor;
				CODE_SIGN_IDENTITY = "iPhone Distribution";
				CODE_SIGN_STYLE = Manual;
				DEVELOPMENT_TEAM = A43S2QQT2B;
				INFOPLIST_FILE = MainApp/Info.plist;
				LD_RUNPATH_SEARCH_PATHS = (
					"$(inherited)",
					"@executable_path/Frameworks",
				);
				PRODUCT_BUNDLE_IDENTIFIER = jp.co.rakuten.RakutenRewardTestBitrise;
				PRODUCT_NAME = "$(TARGET_NAME)";
				PROVISIONING_PROFILE_SPECIFIER = TestBitrise;
				SKIP_INSTALL = NO;
				SWIFT_VERSION = 5.0;
				TARGETED_DEVICE_FAMILY = "1,2";
			};
			name = Release;
		};
		8F4D0F0B267C8FC500A196D2 /* Debug */ = {
			isa = XCBuildConfiguration;
			buildSettings = {
				ALWAYS_EMBED_SWIFT_STANDARD_LIBRARIES = YES;
				BUNDLE_LOADER = "$(TEST_HOST)";
				CODE_SIGN_STYLE = Automatic;
				DEVELOPMENT_TEAM = YMGP992CD8;
				INFOPLIST_FILE = MainAppTests/Info.plist;
				IPHONEOS_DEPLOYMENT_TARGET = 14.2;
				LD_RUNPATH_SEARCH_PATHS = (
					"$(inherited)",
					"@executable_path/Frameworks",
					"@loader_path/Frameworks",
				);
				PRODUCT_BUNDLE_IDENTIFIER = com.derick.MainAppTests;
				PRODUCT_NAME = "$(TARGET_NAME)";
				SWIFT_VERSION = 5.0;
				TARGETED_DEVICE_FAMILY = "1,2";
				TEST_HOST = "$(BUILT_PRODUCTS_DIR)/MainApp.app/MainApp";
			};
			name = Debug;
		};
		8F4D0F0C267C8FC500A196D2 /* Release */ = {
			isa = XCBuildConfiguration;
			buildSettings = {
				ALWAYS_EMBED_SWIFT_STANDARD_LIBRARIES = YES;
				BUNDLE_LOADER = "$(TEST_HOST)";
				CODE_SIGN_STYLE = Automatic;
				DEVELOPMENT_TEAM = YMGP992CD8;
				INFOPLIST_FILE = MainAppTests/Info.plist;
				IPHONEOS_DEPLOYMENT_TARGET = 14.2;
				LD_RUNPATH_SEARCH_PATHS = (
					"$(inherited)",
					"@executable_path/Frameworks",
					"@loader_path/Frameworks",
				);
				PRODUCT_BUNDLE_IDENTIFIER = com.derick.MainAppTests;
				PRODUCT_NAME = "$(TARGET_NAME)";
				SWIFT_VERSION = 5.0;
				TARGETED_DEVICE_FAMILY = "1,2";
				TEST_HOST = "$(BUILT_PRODUCTS_DIR)/MainApp.app/MainApp";
			};
			name = Release;
		};
		8F4D0F0E267C8FC500A196D2 /* Debug */ = {
			isa = XCBuildConfiguration;
			buildSettings = {
				ALWAYS_EMBED_SWIFT_STANDARD_LIBRARIES = YES;
				CODE_SIGN_STYLE = Automatic;
				DEVELOPMENT_TEAM = YMGP992CD8;
				INFOPLIST_FILE = MainAppUITests/Info.plist;
				LD_RUNPATH_SEARCH_PATHS = (
					"$(inherited)",
					"@executable_path/Frameworks",
					"@loader_path/Frameworks",
				);
				PRODUCT_BUNDLE_IDENTIFIER = com.derick.MainAppUITests;
				PRODUCT_NAME = "$(TARGET_NAME)";
				SWIFT_VERSION = 5.0;
				TARGETED_DEVICE_FAMILY = "1,2";
				TEST_TARGET_NAME = MainApp;
			};
			name = Debug;
		};
		8F4D0F0F267C8FC500A196D2 /* Release */ = {
			isa = XCBuildConfiguration;
			buildSettings = {
				ALWAYS_EMBED_SWIFT_STANDARD_LIBRARIES = YES;
				CODE_SIGN_STYLE = Automatic;
				DEVELOPMENT_TEAM = YMGP992CD8;
				INFOPLIST_FILE = MainAppUITests/Info.plist;
				LD_RUNPATH_SEARCH_PATHS = (
					"$(inherited)",
					"@executable_path/Frameworks",
					"@loader_path/Frameworks",
				);
				PRODUCT_BUNDLE_IDENTIFIER = com.derick.MainAppUITests;
				PRODUCT_NAME = "$(TARGET_NAME)";
				SWIFT_VERSION = 5.0;
				TARGETED_DEVICE_FAMILY = "1,2";
				TEST_TARGET_NAME = MainApp;
			};
			name = Release;
		};
/* End XCBuildConfiguration section */

/* Begin XCConfigurationList section */
		8F4D0ED8267C8FC400A196D2 /* Build configuration list for PBXProject "MainApp" */ = {
			isa = XCConfigurationList;
			buildConfigurations = (
				8F4D0F05267C8FC500A196D2 /* Debug */,
				8F4D0F06267C8FC500A196D2 /* Release */,
			);
			defaultConfigurationIsVisible = 0;
			defaultConfigurationName = Release;
		};
		8F4D0F07267C8FC500A196D2 /* Build configuration list for PBXNativeTarget "MainApp" */ = {
			isa = XCConfigurationList;
			buildConfigurations = (
				8F4D0F08267C8FC500A196D2 /* Debug */,
				8F4D0F09267C8FC500A196D2 /* Release */,
			);
			defaultConfigurationIsVisible = 0;
			defaultConfigurationName = Release;
		};
		8F4D0F0A267C8FC500A196D2 /* Build configuration list for PBXNativeTarget "MainAppTests" */ = {
			isa = XCConfigurationList;
			buildConfigurations = (
				8F4D0F0B267C8FC500A196D2 /* Debug */,
				8F4D0F0C267C8FC500A196D2 /* Release */,
			);
			defaultConfigurationIsVisible = 0;
			defaultConfigurationName = Release;
		};
		8F4D0F0D267C8FC500A196D2 /* Build configuration list for PBXNativeTarget "MainAppUITests" */ = {
			isa = XCConfigurationList;
			buildConfigurations = (
				8F4D0F0E267C8FC500A196D2 /* Debug */,
				8F4D0F0F267C8FC500A196D2 /* Release */,
			);
			defaultConfigurationIsVisible = 0;
			defaultConfigurationName = Release;
		};
/* End XCConfigurationList section */
	};
	rootObject = 8F4D0ED5267C8FC400A196D2 /* Project object */;
}
